
Microsoft Visual Studio Solution File, Format Version 12.00
# Visual Studio Version 16
VisualStudioVersion = 16.0.31112.23
MinimumVisualStudioVersion = 10.0.40219.1
Project("{FAE04EC0-301F-11D3-BF4B-00C04F79EFBC}") = "Nanoservices.Entities", "Nanoservices.Entities.csproj", "{79FCC153-8546-4E59-A766-28099F5A9089}"
EndProject
Project("{FAE04EC0-301F-11D3-BF4B-00C04F79EFBC}") = "Nanoservices.Infrastructure", "..\Nanoservices.Infrastructure\Nanoservices.Infrastructure.csproj", "{A9974093-EBF1-49AF-AA0A-8341DB26E97D}"
EndProject
Project("{FAE04EC0-301F-11D3-BF4B-00C04F79EFBC}") = "NanoservicesFunctionApp", "..\NanoservicesFunctionApp\NanoservicesFunctionApp.csproj", "{05E7DF67-1F8D-466E-939D-7AAA90FAA066}"
EndProject
Project("{FAE04EC0-301F-11D3-BF4B-00C04F79EFBC}") = "ItemCheckOutAPI", "..\ItemCheckOutAPI\ItemCheckOutAPI.csproj", "{FEF23DC5-F72C-4970-A299-662DAA3035F3}"
EndProject
Global
	GlobalSection(SolutionConfigurationPlatforms) = preSolution
		Debug|Any CPU = Debug|Any CPU
		Release|Any CPU = Release|Any CPU
	EndGlobalSection
	GlobalSection(ProjectConfigurationPlatforms) = postSolution
		{79FCC153-8546-4E59-A766-28099F5A9089}.Debug|Any CPU.ActiveCfg = Debug|Any CPU
		{79FCC153-8546-4E59-A766-28099F5A9089}.Debug|Any CPU.Build.0 = Debug|Any CPU
		{79FCC153-8546-4E59-A766-28099F5A9089}.Release|Any CPU.ActiveCfg = Release|Any CPU
		{79FCC153-8546-4E59-A766-28099F5A9089}.Release|Any CPU.Build.0 = Release|Any CPU
		{A9974093-EBF1-49AF-AA0A-8341DB26E97D}.Debug|Any CPU.ActiveCfg = Debug|Any CPU
		{A9974093-EBF1-49AF-AA0A-8341DB26E97D}.Debug|Any CPU.Build.0 = Debug|Any CPU
		{A9974093-EBF1-49AF-AA0A-8341DB26E97D}.Release|Any CPU.ActiveCfg = Release|Any CPU
		{A9974093-EBF1-49AF-AA0A-8341DB26E97D}.Release|Any CPU.Build.0 = Release|Any CPU
		{05E7DF67-1F8D-466E-939D-7AAA90FAA066}.Debug|Any CPU.ActiveCfg = Debug|Any CPU
		{05E7DF67-1F8D-466E-939D-7AAA90FAA066}.Debug|Any CPU.Build.0 = Debug|Any CPU
		{05E7DF67-1F8D-466E-939D-7AAA90FAA066}.Release|Any CPU.ActiveCfg = Release|Any CPU
		{05E7DF67-1F8D-466E-939D-7AAA90FAA066}.Release|Any CPU.Build.0 = Release|Any CPU
		{FEF23DC5-F72C-4970-A299-662DAA3035F3}.Debug|Any CPU.ActiveCfg = Debug|Any CPU
		{FEF23DC5-F72C-4970-A299-662DAA3035F3}.Debug|Any CPU.Build.0 = Debug|Any CPU
		{FEF23DC5-F72C-4970-A299-662DAA3035F3}.Release|Any CPU.ActiveCfg = Release|Any CPU
		{FEF23DC5-F72C-4970-A299-662DAA3035F3}.Release|Any CPU.Build.0 = Release|Any CPU
	EndGlobalSection
	GlobalSection(SolutionProperties) = preSolution
		HideSolutionNode = FALSE
	EndGlobalSection
	GlobalSection(ExtensibilityGlobals) = postSolution
		SolutionGuid = {0A9419F1-D6D4-46FC-BE55-DD367DD8BB30}
	EndGlobalSection
EndGlobal
